// !$*UTF8*$!
{
	archiveVersion = 1;
	classes = {
	};
	objectVersion = 46;
	objects = {

/* Begin PBXBuildFile section */
		39B2ECDA1C57D5B80044549A /* main.m in Sources */ = {isa = PBXBuildFile; fileRef = 39B2ECD91C57D5B80044549A /* main.m */; };
		39B2ECDD1C57D5B80044549A /* AppDelegate.m in Sources */ = {isa = PBXBuildFile; fileRef = 39B2ECDC1C57D5B80044549A /* AppDelegate.m */; };
		39B2ECE01C57D5B80044549A /* MasterViewController.m in Sources */ = {isa = PBXBuildFile; fileRef = 39B2ECDF1C57D5B80044549A /* MasterViewController.m */; };
		39B2ECE31C57D5B80044549A /* DetailViewController.m in Sources */ = {isa = PBXBuildFile; fileRef = 39B2ECE21C57D5B80044549A /* DetailViewController.m */; };
		39B2ECE61C57D5B80044549A /* Main.storyboard in Resources */ = {isa = PBXBuildFile; fileRef = 39B2ECE41C57D5B80044549A /* Main.storyboard */; };
		39B2ECE81C57D5B80044549A /* Assets.xcassets in Resources */ = {isa = PBXBuildFile; fileRef = 39B2ECE71C57D5B80044549A /* Assets.xcassets */; };
		39B2ECEB1C57D5B80044549A /* LaunchScreen.storyboard in Resources */ = {isa = PBXBuildFile; fileRef = 39B2ECE91C57D5B80044549A /* LaunchScreen.storyboard */; };
		39B2ECF41C57D6390044549A /* Todo.m in Sources */ = {isa = PBXBuildFile; fileRef = 39B2ECF31C57D6390044549A /* Todo.m */; settings = {ASSET_TAGS = (); }; };
		39B2ECFA1C57D9BA0044549A /* MyTaskCell.m in Sources */ = {isa = PBXBuildFile; fileRef = 39B2ECF91C57D9BA0044549A /* MyTaskCell.m */; settings = {ASSET_TAGS = (); }; };
/* End PBXBuildFile section */

/* Begin PBXFileReference section */
		39B2ECD51C57D5B80044549A /* everydo.app */ = {isa = PBXFileReference; explicitFileType = wrapper.application; includeInIndex = 0; path = everydo.app; sourceTree = BUILT_PRODUCTS_DIR; };
		39B2ECD91C57D5B80044549A /* main.m */ = {isa = PBXFileReference; lastKnownFileType = sourcecode.c.objc; path = main.m; sourceTree = "<group>"; };
		39B2ECDB1C57D5B80044549A /* AppDelegate.h */ = {isa = PBXFileReference; lastKnownFileType = sourcecode.c.h; path = AppDelegate.h; sourceTree = "<group>"; };
		39B2ECDC1C57D5B80044549A /* AppDelegate.m */ = {isa = PBXFileReference; lastKnownFileType = sourcecode.c.objc; path = AppDelegate.m; sourceTree = "<group>"; };
		39B2ECDE1C57D5B80044549A /* MasterViewController.h */ = {isa = PBXFileReference; lastKnownFileType = sourcecode.c.h; path = MasterViewController.h; sourceTree = "<group>"; };
		39B2ECDF1C57D5B80044549A /* MasterViewController.m */ = {isa = PBXFileReference; lastKnownFileType = sourcecode.c.objc; path = MasterViewController.m; sourceTree = "<group>"; };
		39B2ECE11C57D5B80044549A /* DetailViewController.h */ = {isa = PBXFileReference; lastKnownFileType = sourcecode.c.h; path = DetailViewController.h; sourceTree = "<group>"; };
		39B2ECE21C57D5B80044549A /* DetailViewController.m */ = {isa = PBXFileReference; lastKnownFileType = sourcecode.c.objc; path = DetailViewController.m; sourceTree = "<group>"; };
		39B2ECE51C57D5B80044549A /* Base */ = {isa = PBXFileReference; lastKnownFileType = file.storyboard; name = Base; path = Base.lproj/Main.storyboard; sourceTree = "<group>"; };
		39B2ECE71C57D5B80044549A /* Assets.xcassets */ = {isa = PBXFileReference; lastKnownFileType = folder.assetcatalog; path = Assets.xcassets; sourceTree = "<group>"; };
		39B2ECEA1C57D5B80044549A /* Base */ = {isa = PBXFileReference; lastKnownFileType = file.storyboard; name = Base; path = Base.lproj/LaunchScreen.storyboard; sourceTree = "<group>"; };
		39B2ECEC1C57D5B80044549A /* Info.plist */ = {isa = PBXFileReference; lastKnownFileType = text.plist.xml; path = Info.plist; sourceTree = "<group>"; };
		39B2ECF21C57D6390044549A /* Todo.h */ = {isa = PBXFileReference; fileEncoding = 4; lastKnownFileType = sourcecode.c.h; path = Todo.h; sourceTree = "<group>"; };
		39B2ECF31C57D6390044549A /* Todo.m */ = {isa = PBXFileReference; fileEncoding = 4; lastKnownFileType = sourcecode.c.objc; path = Todo.m; sourceTree = "<group>"; };
		39B2ECF81C57D9BA0044549A /* MyTaskCell.h */ = {isa = PBXFileReference; fileEncoding = 4; lastKnownFileType = sourcecode.c.h; path = MyTaskCell.h; sourceTree = "<group>"; };
		39B2ECF91C57D9BA0044549A /* MyTaskCell.m */ = {isa = PBXFileReference; fileEncoding = 4; lastKnownFileType = sourcecode.c.objc; path = MyTaskCell.m; sourceTree = "<group>"; };
/* End PBXFileReference section */

/* Begin PBXFrameworksBuildPhase section */
		39B2ECD21C57D5B80044549A /* Frameworks */ = {
			isa = PBXFrameworksBuildPhase;
			buildActionMask = 2147483647;
			files = (
			);
			runOnlyForDeploymentPostprocessing = 0;
		};
/* End PBXFrameworksBuildPhase section */

/* Begin PBXGroup section */
		39B2ECCC1C57D5B80044549A = {
			isa = PBXGroup;
			children = (
				39B2ECD71C57D5B80044549A /* everydo */,
				39B2ECD61C57D5B80044549A /* Products */,
			);
			sourceTree = "<group>";
		};
		39B2ECD61C57D5B80044549A /* Products */ = {
			isa = PBXGroup;
			children = (
				39B2ECD51C57D5B80044549A /* everydo.app */,
			);
			name = Products;
			sourceTree = "<group>";
		};
		39B2ECD71C57D5B80044549A /* everydo */ = {
			isa = PBXGroup;
			children = (
				39B2ECDB1C57D5B80044549A /* AppDelegate.h */,
				39B2ECDC1C57D5B80044549A /* AppDelegate.m */,
				39B2ECDE1C57D5B80044549A /* MasterViewController.h */,
				39B2ECDF1C57D5B80044549A /* MasterViewController.m */,
				39B2ECE11C57D5B80044549A /* DetailViewController.h */,
				39B2ECE21C57D5B80044549A /* DetailViewController.m */,
				39B2ECF21C57D6390044549A /* Todo.h */,
				39B2ECF31C57D6390044549A /* Todo.m */,
				39B2ECF81C57D9BA0044549A /* MyTaskCell.h */,
				39B2ECF91C57D9BA0044549A /* MyTaskCell.m */,
				39B2ECE41C57D5B80044549A /* Main.storyboard */,
				39B2ECE71C57D5B80044549A /* Assets.xcassets */,
				39B2ECE91C57D5B80044549A /* LaunchScreen.storyboard */,
				39B2ECEC1C57D5B80044549A /* Info.plist */,
				39B2ECD81C57D5B80044549A /* Supporting Files */,
			);
			path = everydo;
			sourceTree = "<group>";
		};
		39B2ECD81C57D5B80044549A /* Supporting Files */ = {
			isa = PBXGroup;
			children = (
				39B2ECD91C57D5B80044549A /* main.m */,
			);
			name = "Supporting Files";
			sourceTree = "<group>";
		};
/* End PBXGroup section */

/* Begin PBXNativeTarget section */
		39B2ECD41C57D5B80044549A /* everydo */ = {
			isa = PBXNativeTarget;
			buildConfigurationList = 39B2ECEF1C57D5B80044549A /* Build configuration list for PBXNativeTarget "everydo" */;
			buildPhases = (
				39B2ECD11C57D5B80044549A /* Sources */,
				39B2ECD21C57D5B80044549A /* Frameworks */,
				39B2ECD31C57D5B80044549A /* Resources */,
			);
			buildRules = (
			);
			dependencies = (
			);
			name = everydo;
			productName = everydo;
			productReference = 39B2ECD51C57D5B80044549A /* everydo.app */;
			productType = "com.apple.product-type.application";
		};
/* End PBXNativeTarget section */

/* Begin PBXProject section */
		39B2ECCD1C57D5B80044549A /* Project object */ = {
			isa = PBXProject;
			attributes = {
				LastUpgradeCheck = 0700;
				ORGANIZATIONNAME = "William Lam";
				TargetAttributes = {
					39B2ECD41C57D5B80044549A = {
						CreatedOnToolsVersion = 7.0.1;
						DevelopmentTeam = 7E24WC8BA8;
					};
				};
			};
			buildConfigurationList = 39B2ECD01C57D5B80044549A /* Build configuration list for PBXProject "everydo" */;
			compatibilityVersion = "Xcode 3.2";
			developmentRegion = English;
			hasScannedForEncodings = 0;
			knownRegions = (
				en,
				Base,
			);
			mainGroup = 39B2ECCC1C57D5B80044549A;
			productRefGroup = 39B2ECD61C57D5B80044549A /* Products */;
			projectDirPath = "";
			projectRoot = "";
			targets = (
				39B2ECD41C57D5B80044549A /* everydo */,
			);
		};
/* End PBXProject section */

/* Begin PBXResourcesBuildPhase section */
		39B2ECD31C57D5B80044549A /* Resources */ = {
			isa = PBXResourcesBuildPhase;
			buildActionMask = 2147483647;
			files = (
				39B2ECEB1C57D5B80044549A /* LaunchScreen.storyboard in Resources */,
				39B2ECE81C57D5B80044549A /* Assets.xcassets in Resources */,
				39B2ECE61C57D5B80044549A /* Main.storyboard in Resources */,
			);
			runOnlyForDeploymentPostprocessing = 0;
		};
/* End PBXResourcesBuildPhase section */

/* Begin PBXSourcesBuildPhase section */
		39B2ECD11C57D5B80044549A /* Sources */ = {
			isa = PBXSourcesBuildPhase;
			buildActionMask = 2147483647;
			files = (
				39B2ECFA1C57D9BA0044549A /* MyTaskCell.m in Sources */,
				39B2ECF41C57D6390044549A /* Todo.m in Sources */,
				39B2ECDD1C57D5B80044549A /* AppDelegate.m in Sources */,
				39B2ECE01C57D5B80044549A /* MasterViewController.m in Sources */,
				39B2ECDA1C57D5B80044549A /* main.m in Sources */,
				39B2ECE31C57D5B80044549A /* DetailViewController.m in Sources */,
			);
			runOnlyForDeploymentPostprocessing = 0;
		};
/* End PBXSourcesBuildPhase section */

/* Begin PBXVariantGroup section */
		39B2ECE41C57D5B80044549A /* Main.storyboard */ = {
			isa = PBXVariantGroup;
			children = (
				39B2ECE51C57D5B80044549A /* Base */,
			);
			name = Main.storyboard;
			sourceTree = "<group>";
		};
		39B2ECE91C57D5B80044549A /* LaunchScreen.storyboard */ = {
			isa = PBXVariantGroup;
			children = (
				39B2ECEA1C57D5B80044549A /* Base */,
			);
			name = LaunchScreen.storyboard;
			sourceTree = "<group>";
		};
/* End PBXVariantGroup section */

/* Begin XCBuildConfiguration section */
		39B2ECED1C57D5B80044549A /* Debug */ = {
			isa = XCBuildConfiguration;
			buildSettings = {
				ALWAYS_SEARCH_USER_PATHS = NO;
				CLANG_CXX_LANGUAGE_STANDARD = "gnu++0x";
				CLANG_CXX_LIBRARY = "libc++";
				CLANG_ENABLE_MODULES = YES;
				CLANG_ENABLE_OBJC_ARC = YES;
				CLANG_WARN_BOOL_CONVERSION = YES;
				CLANG_WARN_CONSTANT_CONVERSION = YES;
				CLANG_WARN_DIRECT_OBJC_ISA_USAGE = YES_ERROR;
				CLANG_WARN_EMPTY_BODY = YES;
				CLANG_WARN_ENUM_CONVERSION = YES;
				CLANG_WARN_INT_CONVERSION = YES;
				CLANG_WARN_OBJC_ROOT_CLASS = YES_ERROR;
				CLANG_WARN_UNREACHABLE_CODE = YES;
				CLANG_WARN__DUPLICATE_METHOD_MATCH = YES;
				"CODE_SIGN_IDENTITY[sdk=iphoneos*]" = "iPhone Developer";
				COPY_PHASE_STRIP = NO;
				DEBUG_INFORMATION_FORMAT = dwarf;
				ENABLE_STRICT_OBJC_MSGSEND = YES;
				ENABLE_TESTABILITY = YES;
				GCC_C_LANGUAGE_STANDARD = gnu99;
				GCC_DYNAMIC_NO_PIC = NO;
				GCC_NO_COMMON_BLOCKS = YES;
				GCC_OPTIMIZATION_LEVEL = 0;
				GCC_PREPROCESSOR_DEFINITIONS = (
					"DEBUG=1",
					"$(inherited)",
				);
				GCC_WARN_64_TO_32_BIT_CONVERSION = YES;
				GCC_WARN_ABOUT_RETURN_TYPE = YES_ERROR;
				GCC_WARN_UNDECLARED_SELECTOR = YES;
				GCC_WARN_UNINITIALIZED_AUTOS = YES_AGGRESSIVE;
				GCC_WARN_UNUSED_FUNCTION = YES;
				GCC_WARN_UNUSED_VARIABLE = YES;
				IPHONEOS_DEPLOYMENT_TARGET = 9.0;
				MTL_ENABLE_DEBUG_INFO = YES;
				ONLY_ACTIVE_ARCH = YES;
				SDKROOT = iphoneos;
			};
			name = Debug;
		};
		39B2ECEE1C57D5B80044549A /* Release */ = {
			isa = XCBuildConfiguration;
			buildSettings = {
				ALWAYS_SEARCH_USER_PATHS = NO;
				CLANG_CXX_LANGUAGE_STANDARD = "gnu++0x";
				CLANG_CXX_LIBRARY = "libc++";
				CLANG_ENABLE_MODULES = YES;
				CLANG_ENABLE_OBJC_ARC = YES;
				CLANG_WARN_BOOL_CONVERSION = YES;
				CLANG_WARN_CONSTANT_CONVERSION = YES;
				CLANG_WARN_DIRECT_OBJC_ISA_USAGE = YES_ERROR;
				CLANG_WARN_EMPTY_BODY = YES;
				CLANG_WARN_ENUM_CONVERSION = YES;
				CLANG_WARN_INT_CONVERSION = YES;
				CLANG_WARN_OBJC_ROOT_CLASS = YES_ERROR;
				CLANG_WARN_UNREACHABLE_CODE = YES;
				CLANG_WARN__DUPLICATE_METHOD_MATCH = YES;
				"CODE_SIGN_IDENTITY[sdk=iphoneos*]" = "iPhone Developer";
				COPY_PHASE_STRIP = NO;
				DEBUG_INFORMATION_FORMAT = "dwarf-with-dsym";
				ENABLE_NS_ASSERTIONS = NO;
				ENABLE_STRICT_OBJC_MSGSEND = YES;
				GCC_C_LANGUAGE_STANDARD = gnu99;
				GCC_NO_COMMON_BLOCKS = YES;
				GCC_WARN_64_TO_32_BIT_CONVERSION = YES;
				GCC_WARN_ABOUT_RETURN_TYPE = YES_ERROR;
				GCC_WARN_UNDECLARED_SELECTOR = YES;
				GCC_WARN_UNINITIALIZED_AUTOS = YES_AGGRESSIVE;
				GCC_WARN_UNUSED_FUNCTION = YES;
				GCC_WARN_UNUSED_VARIABLE = YES;
				IPHONEOS_DEPLOYMENT_TARGET = 9.0;
				MTL_ENABLE_DEBUG_INFO = NO;
				SDKROOT = iphoneos;
				VALIDATE_PRODUCT = YES;
			};
			name = Release;
		};
		39B2ECF01C57D5B80044549A /* Debug */ = {
			isa = XCBuildConfiguration;
			buildSettings = {
				ASSETCATALOG_COMPILER_APPICON_NAME = AppIcon;
				INFOPLIST_FILE = everydo/Info.plist;
				LD_RUNPATH_SEARCH_PATHS = "$(inherited) @executable_path/Frameworks";
				PRODUCT_BUNDLE_IDENTIFIER = willlam.everydo;
				PRODUCT_NAME = "$(TARGET_NAME)";
			};
			name = Debug;
		};
		39B2ECF11C57D5B80044549A /* Release */ = {
			isa = XCBuildConfiguration;
			buildSettings = {
				ASSETCATALOG_COMPILER_APPICON_NAME = AppIcon;
				INFOPLIST_FILE = everydo/Info.plist;
				LD_RUNPATH_SEARCH_PATHS = "$(inherited) @executable_path/Frameworks";
				PRODUCT_BUNDLE_IDENTIFIER = willlam.everydo;
				PRODUCT_NAME = "$(TARGET_NAME)";
			};
			name = Release;
		};
/* End XCBuildConfiguration section */

/* Begin XCConfigurationList section */
		39B2ECD01C57D5B80044549A /* Build configuration list for PBXProject "everydo" */ = {
			isa = XCConfigurationList;
			buildConfigurations = (
				39B2ECED1C57D5B80044549A /* Debug */,
				39B2ECEE1C57D5B80044549A /* Release */,
			);
			defaultConfigurationIsVisible = 0;
			defaultConfigurationName = Release;
		};
		39B2ECEF1C57D5B80044549A /* Build configuration list for PBXNativeTarget "everydo" */ = {
			isa = XCConfigurationList;
			buildConfigurations = (
				39B2ECF01C57D5B80044549A /* Debug */,
				39B2ECF11C57D5B80044549A /* Release */,
			);
			defaultConfigurationIsVisible = 0;
		};
/* End XCConfigurationList section */
	};
	rootObject = 39B2ECCD1C57D5B80044549A /* Project object */;
}
